
Microsoft Visual Studio Solution File, Format Version 12.00
# Visual Studio 15
VisualStudioVersion = 15.0.28010.2050
MinimumVisualStudioVersion = 10.0.40219.1
Project("{FAE04EC0-301F-11D3-BF4B-00C04F79EFBC}") = "EntryPoint", "EntryPoint\EntryPoint.csproj", "{91CC3382-ECF0-4934-BB2A-3393BF6124ED}"
EndProject
Project("{9A19103F-16F7-4668-BE54-9A1E7A4F7556}") = "SequenceGenerator", "SequenceGenerator\SequenceGenerator.csproj", "{32A610B2-BE0B-4A8B-AB37-B781559F2CB2}"
EndProject
Project("{FAE04EC0-301F-11D3-BF4B-00C04F79EFBC}") = "Test", "Test\Test.csproj", "{352981B0-2E95-4C30-8D79-F07FB86135C7}"
EndProject
Global
	GlobalSection(SolutionConfigurationPlatforms) = preSolution
		Debug|Any CPU = Debug|Any CPU
		Release|Any CPU = Release|Any CPU
	EndGlobalSection
	GlobalSection(ProjectConfigurationPlatforms) = postSolution
		{91CC3382-ECF0-4934-BB2A-3393BF6124ED}.Debug|Any CPU.ActiveCfg = Debug|Any CPU
		{91CC3382-ECF0-4934-BB2A-3393BF6124ED}.Debug|Any CPU.Build.0 = Debug|Any CPU
		{91CC3382-ECF0-4934-BB2A-3393BF6124ED}.Release|Any CPU.ActiveCfg = Release|Any CPU
		{91CC3382-ECF0-4934-BB2A-3393BF6124ED}.Release|Any CPU.Build.0 = Release|Any CPU
		{32A610B2-BE0B-4A8B-AB37-B781559F2CB2}.Debug|Any CPU.ActiveCfg = Debug|Any CPU
		{32A610B2-BE0B-4A8B-AB37-B781559F2CB2}.Debug|Any CPU.Build.0 = Debug|Any CPU
		{32A610B2-BE0B-4A8B-AB37-B781559F2CB2}.Release|Any CPU.ActiveCfg = Release|Any CPU
		{32A610B2-BE0B-4A8B-AB37-B781559F2CB2}.Release|Any CPU.Build.0 = Release|Any CPU
		{352981B0-2E95-4C30-8D79-F07FB86135C7}.Debug|Any CPU.ActiveCfg = Debug|Any CPU
		{352981B0-2E95-4C30-8D79-F07FB86135C7}.Debug|Any CPU.Build.0 = Debug|Any CPU
		{352981B0-2E95-4C30-8D79-F07FB86135C7}.Release|Any CPU.ActiveCfg = Release|Any CPU
		{352981B0-2E95-4C30-8D79-F07FB86135C7}.Release|Any CPU.Build.0 = Release|Any CPU
	EndGlobalSection
	GlobalSection(SolutionProperties) = preSolution
		HideSolutionNode = FALSE
	EndGlobalSection
	GlobalSection(ExtensibilityGlobals) = postSolution
		SolutionGuid = {6474DAE9-519C-46A1-8CCD-8A392DD19494}
	EndGlobalSection
EndGlobal
